# This file is automatically @generated by Cargo.
# It is not intended for manual editing.
[[package]]
name = "cc"
version = "1.0.37"
source = "registry+https://github.com/rust-lang/crates.io-index"

[[package]]
name = "csidh-rust"
version = "0.1.0"
dependencies = [
 "cc 1.0.37 (registry+https://github.com/rust-lang/crates.io-index)",
 "libc 0.2.55 (registry+https://github.com/rust-lang/crates.io-index)",
]

[[package]]
name = "glob"
version = "0.3.0"
source = "registry+https://github.com/rust-lang/crates.io-index"

[[package]]
name = "kemutil"
version = "0.1.0"
dependencies = [
 "csidh-rust 0.1.0",
 "pqcrypto 0.6.2",
]

[[package]]
name = "libc"
version = "0.2.55"
source = "registry+https://github.com/rust-lang/crates.io-index"

[[package]]
name = "pqcrypto"
version = "0.6.2"
dependencies = [
 "pqcrypto-dilithium 0.1.1",
 "pqcrypto-falcon 0.1.0",
 "pqcrypto-frodo 0.4.1",
 "pqcrypto-kyber 0.4.1",
 "pqcrypto-mqdss 0.2.2",
 "pqcrypto-ntru 0.4.1",
 "pqcrypto-saber 0.1.1",
 "pqcrypto-sphincsplus 0.4.2",
 "pqcrypto-traits 0.3.1",
]

[[package]]
name = "pqcrypto-dilithium"
version = "0.1.1"
dependencies = [
 "cc 1.0.37 (registry+https://github.com/rust-lang/crates.io-index)",
 "glob 0.3.0 (registry+https://github.com/rust-lang/crates.io-index)",
 "libc 0.2.55 (registry+https://github.com/rust-lang/crates.io-index)",
 "pqcrypto-traits 0.3.1",
]

[[package]]
name = "pqcrypto-falcon"
version = "0.1.0"
dependencies = [
 "cc 1.0.37 (registry+https://github.com/rust-lang/crates.io-index)",
 "glob 0.3.0 (registry+https://github.com/rust-lang/crates.io-index)",
 "libc 0.2.55 (registry+https://github.com/rust-lang/crates.io-index)",
 "pqcrypto-traits 0.3.1",
]

[[package]]
name = "pqcrypto-frodo"
version = "0.4.1"
dependencies = [
 "cc 1.0.37 (registry+https://github.com/rust-lang/crates.io-index)",
 "glob 0.3.0 (registry+https://github.com/rust-lang/crates.io-index)",
 "libc 0.2.55 (registry+https://github.com/rust-lang/crates.io-index)",
 "pqcrypto-traits 0.3.1",
]

[[package]]
name = "pqcrypto-kyber"
version = "0.4.1"
dependencies = [
 "cc 1.0.37 (registry+https://github.com/rust-lang/crates.io-index)",
 "glob 0.3.0 (registry+https://github.com/rust-lang/crates.io-index)",
 "libc 0.2.55 (registry+https://github.com/rust-lang/crates.io-index)",
 "pqcrypto-traits 0.3.1",
]

[[package]]
name = "pqcrypto-mqdss"
version = "0.2.2"
dependencies = [
 "cc 1.0.37 (registry+https://github.com/rust-lang/crates.io-index)",
 "glob 0.3.0 (registry+https://github.com/rust-lang/crates.io-index)",
 "libc 0.2.55 (registry+https://github.com/rust-lang/crates.io-index)",
 "pqcrypto-traits 0.3.1",
]

[[package]]
name = "pqcrypto-ntru"
version = "0.4.1"
dependencies = [
 "cc 1.0.37 (registry+https://github.com/rust-lang/crates.io-index)",
 "glob 0.3.0 (registry+https://github.com/rust-lang/crates.io-index)",
 "libc 0.2.55 (registry+https://github.com/rust-lang/crates.io-index)",
 "pqcrypto-traits 0.3.1",
]

[[package]]
name = "pqcrypto-saber"
version = "0.1.1"
dependencies = [
 "cc 1.0.37 (registry+https://github.com/rust-lang/crates.io-index)",
 "glob 0.3.0 (registry+https://github.com/rust-lang/crates.io-index)",
 "libc 0.2.55 (registry+https://github.com/rust-lang/crates.io-index)",
 "pqcrypto-traits 0.3.1",
]

[[package]]
name = "pqcrypto-sphincsplus"
version = "0.4.2"
dependencies = [
 "cc 1.0.37 (registry+https://github.com/rust-lang/crates.io-index)",
 "glob 0.3.0 (registry+https://github.com/rust-lang/crates.io-index)",
 "libc 0.2.55 (registry+https://github.com/rust-lang/crates.io-index)",
 "pqcrypto-traits 0.3.1",
]

[[package]]
name = "pqcrypto-traits"
version = "0.3.1"

[metadata]
"checksum cc 1.0.37 (registry+https://github.com/rust-lang/crates.io-index)" = "39f75544d7bbaf57560d2168f28fd649ff9c76153874db88bdbdfd839b1a7e7d"
"checksum glob 0.3.0 (registry+https://github.com/rust-lang/crates.io-index)" = "9b919933a397b79c37e33b77bb2aa3dc8eb6e165ad809e58ff75bc7db2e34574"
"checksum libc 0.2.55 (registry+https://github.com/rust-lang/crates.io-index)" = "42914d39aad277d9e176efbdad68acb1d5443ab65afe0e0e4f0d49352a950880"
